
Microsoft Visual Studio Solution File, Format Version 12.00
# Visual Studio Version 17
VisualStudioVersion = 17.14.36121.58 d17.14
MinimumVisualStudioVersion = 10.0.40219.1
Project("{FAE04EC0-301F-11D3-BF4B-00C04F79EFBC}") = "InvestLink", "InvestLink\InvestLink.csproj", "{B80B4698-8F70-48D0-AF9E-C3E0FB9164EE}"
EndProject
Project("{FAE04EC0-301F-11D3-BF4B-00C04F79EFBC}") = "InvestLink-DAL", "InvestLink-DAL\InvestLink-DAL.csproj", "{29F84150-2577-4270-87CA-97FE3FB313ED}"
EndProject
Project("{FAE04EC0-301F-11D3-BF4B-00C04F79EFBC}") = "InvestLink-BLL", "InvestLink-BLL\InvestLink-BLL.csproj", "{8C74F3DB-1AA8-4175-A9FD-A294F1D4063C}"
EndProject
Global
	GlobalSection(SolutionConfigurationPlatforms) = preSolution
		Debug|Any CPU = Debug|Any CPU
		Release|Any CPU = Release|Any CPU
	EndGlobalSection
	GlobalSection(ProjectConfigurationPlatforms) = postSolution
		{B80B4698-8F70-48D0-AF9E-C3E0FB9164EE}.Debug|Any CPU.ActiveCfg = Debug|Any CPU
		{B80B4698-8F70-48D0-AF9E-C3E0FB9164EE}.Debug|Any CPU.Build.0 = Debug|Any CPU
		{B80B4698-8F70-48D0-AF9E-C3E0FB9164EE}.Release|Any CPU.ActiveCfg = Release|Any CPU
		{B80B4698-8F70-48D0-AF9E-C3E0FB9164EE}.Release|Any CPU.Build.0 = Release|Any CPU
		{29F84150-2577-4270-87CA-97FE3FB313ED}.Debug|Any CPU.ActiveCfg = Debug|Any CPU
		{29F84150-2577-4270-87CA-97FE3FB313ED}.Debug|Any CPU.Build.0 = Debug|Any CPU
		{29F84150-2577-4270-87CA-97FE3FB313ED}.Release|Any CPU.ActiveCfg = Release|Any CPU
		{29F84150-2577-4270-87CA-97FE3FB313ED}.Release|Any CPU.Build.0 = Release|Any CPU
		{8C74F3DB-1AA8-4175-A9FD-A294F1D4063C}.Debug|Any CPU.ActiveCfg = Debug|Any CPU
		{8C74F3DB-1AA8-4175-A9FD-A294F1D4063C}.Debug|Any CPU.Build.0 = Debug|Any CPU
		{8C74F3DB-1AA8-4175-A9FD-A294F1D4063C}.Release|Any CPU.ActiveCfg = Release|Any CPU
		{8C74F3DB-1AA8-4175-A9FD-A294F1D4063C}.Release|Any CPU.Build.0 = Release|Any CPU
	EndGlobalSection
	GlobalSection(SolutionProperties) = preSolution
		HideSolutionNode = FALSE
	EndGlobalSection
	GlobalSection(ExtensibilityGlobals) = postSolution
		SolutionGuid = {A5E12D7C-A9EC-4673-A6F6-F406F0BF3474}
	EndGlobalSection
EndGlobal
